<?xml version="1.0" encoding="utf-8"?>
<Project ToolsVersion="4.0" xmlns="http://schemas.microsoft.com/developer/msbuild/2003">
  <ItemGroup>
    <Filter Include="Source Files">
      <UniqueIdentifier>{0252b972-1ce1-4104-9b69-08a4a50804d6}</UniqueIdentifier>
    </Filter>
    <Filter Include="Header Files">
      <UniqueIdentifier>{9db5dba2-1c7c-433a-8da1-883784d8b1cd}</UniqueIdentifier>
    </Filter>
  </ItemGroup>
  <ItemGroup>
    <ClCompile Include="FIR_vst.cpp">
      <Filter>Source Files</Filter>
    </ClCompile>
    <ClCompile Include="..\..\dsp\FIR.c">
      <Filter>Source Files</Filter>
    </ClCompile>
    <ClCompile Include="..\vstsdk2.4\public.sdk\source\vst2.x\audioeffectx.cpp">
      <Filter>Source Files</Filter>
    </ClCompile>
    <ClCompile Include="..\vstsdk2.4\public.sdk\source\vst2.x\vstplugmain.cpp">
      <Filter>Source Files</Filter>
    </ClCompile>
    <ClCompile Include="..\vstsdk2.4\public.sdk\source\vst2.x\audioeffect.cpp">
      <Filter>Source Files</Filter>
    </ClCompile>
    <ClCompile Include="..\..\dsp\HighGain.c">
      <Filter>Source Files</Filter>
    </ClCompile>
  </ItemGroup>
  <ItemGroup>
    <ClInclude Include="FIR_vst.h">
      <Filter>Header Files</Filter>
    </ClInclude>
  </ItemGroup>
</Project>